// !$*UTF8*$!
{
	archiveVersion = 1;
	classes = {
	};
	objectVersion = 56;
	objects = {

/* Begin PBXBuildFile section */
		3103D0DE2C1619AD00E74E07 /* AppetizersApp.swift in Sources */ = {isa = PBXBuildFile; fileRef = 3103D0DD2C1619AD00E74E07 /* AppetizersApp.swift */; };
		3103D0E02C1619AD00E74E07 /* AppetizerTabView.swift in Sources */ = {isa = PBXBuildFile; fileRef = 3103D0DF2C1619AD00E74E07 /* AppetizerTabView.swift */; };
		3103D0E22C1619AE00E74E07 /* Assets.xcassets in Resources */ = {isa = PBXBuildFile; fileRef = 3103D0E12C1619AE00E74E07 /* Assets.xcassets */; };
		3103D0E52C1619AE00E74E07 /* Preview Assets.xcassets in Resources */ = {isa = PBXBuildFile; fileRef = 3103D0E42C1619AE00E74E07 /* Preview Assets.xcassets */; };
		3103D0EC2C161A4F00E74E07 /* AppetizerListView.swift in Sources */ = {isa = PBXBuildFile; fileRef = 3103D0EB2C161A4F00E74E07 /* AppetizerListView.swift */; };
		3103D0EE2C161A5E00E74E07 /* AccountView.swift in Sources */ = {isa = PBXBuildFile; fileRef = 3103D0ED2C161A5E00E74E07 /* AccountView.swift */; };
		3103D0F02C161A7100E74E07 /* OrderView.swift in Sources */ = {isa = PBXBuildFile; fileRef = 3103D0EF2C161A7100E74E07 /* OrderView.swift */; };
		3103D0F22C161E7F00E74E07 /* Appetizer.swift in Sources */ = {isa = PBXBuildFile; fileRef = 3103D0F12C161E7F00E74E07 /* Appetizer.swift */; };
		3103D0F42C16251300E74E07 /* AppetizerListCell.swift in Sources */ = {isa = PBXBuildFile; fileRef = 3103D0F32C16251300E74E07 /* AppetizerListCell.swift */; };
		3103D0F62C16368500E74E07 /* NetworkManager.swift in Sources */ = {isa = PBXBuildFile; fileRef = 3103D0F52C16368500E74E07 /* NetworkManager.swift */; };
		3103D0F82C1637A600E74E07 /* APError.swift in Sources */ = {isa = PBXBuildFile; fileRef = 3103D0F72C1637A600E74E07 /* APError.swift */; };
		3103D0FA2C163F4C00E74E07 /* AppetizerListViewModel.swift in Sources */ = {isa = PBXBuildFile; fileRef = 3103D0F92C163F4C00E74E07 /* AppetizerListViewModel.swift */; };
		3103D0FC2C1640ED00E74E07 /* Alert.swift in Sources */ = {isa = PBXBuildFile; fileRef = 3103D0FB2C1640ED00E74E07 /* Alert.swift */; };
		3103D0FE2C16456A00E74E07 /* LoadingView.swift in Sources */ = {isa = PBXBuildFile; fileRef = 3103D0FD2C16456A00E74E07 /* LoadingView.swift */; };
		3103D1002C16468100E74E07 /* Color+Ext.swift in Sources */ = {isa = PBXBuildFile; fileRef = 3103D0FF2C16468100E74E07 /* Color+Ext.swift */; };
		31FD586A2C177573000FEADE /* RemoteImage.swift in Sources */ = {isa = PBXBuildFile; fileRef = 31FD58692C177573000FEADE /* RemoteImage.swift */; };
		31FD587A2C178607000FEADE /* AppetizerDetailView.swift in Sources */ = {isa = PBXBuildFile; fileRef = 31FD58792C178607000FEADE /* AppetizerDetailView.swift */; };
		31FD587D2C178E3D000FEADE /* APButton.swift in Sources */ = {isa = PBXBuildFile; fileRef = 31FD587C2C178E3D000FEADE /* APButton.swift */; };
		31FD587F2C178EF2000FEADE /* XDismissButton.swift in Sources */ = {isa = PBXBuildFile; fileRef = 31FD587E2C178EF2000FEADE /* XDismissButton.swift */; };
		31FD58812C1837F5000FEADE /* AccountViewModel.swift in Sources */ = {isa = PBXBuildFile; fileRef = 31FD58802C1837F5000FEADE /* AccountViewModel.swift */; };
		31FD58832C183956000FEADE /* String+Ext.swift in Sources */ = {isa = PBXBuildFile; fileRef = 31FD58822C183956000FEADE /* String+Ext.swift */; };
/* End PBXBuildFile section */

/* Begin PBXFileReference section */
		3103D0DA2C1619AD00E74E07 /* Appetizers.app */ = {isa = PBXFileReference; explicitFileType = wrapper.application; includeInIndex = 0; path = Appetizers.app; sourceTree = BUILT_PRODUCTS_DIR; };
		3103D0DD2C1619AD00E74E07 /* AppetizersApp.swift */ = {isa = PBXFileReference; lastKnownFileType = sourcecode.swift; path = AppetizersApp.swift; sourceTree = "<group>"; };
		3103D0DF2C1619AD00E74E07 /* AppetizerTabView.swift */ = {isa = PBXFileReference; lastKnownFileType = sourcecode.swift; path = AppetizerTabView.swift; sourceTree = "<group>"; };
		3103D0E12C1619AE00E74E07 /* Assets.xcassets */ = {isa = PBXFileReference; lastKnownFileType = folder.assetcatalog; path = Assets.xcassets; sourceTree = "<group>"; };
		3103D0E42C1619AE00E74E07 /* Preview Assets.xcassets */ = {isa = PBXFileReference; lastKnownFileType = folder.assetcatalog; path = "Preview Assets.xcassets"; sourceTree = "<group>"; };
		3103D0EB2C161A4F00E74E07 /* AppetizerListView.swift */ = {isa = PBXFileReference; lastKnownFileType = sourcecode.swift; path = AppetizerListView.swift; sourceTree = "<group>"; };
		3103D0ED2C161A5E00E74E07 /* AccountView.swift */ = {isa = PBXFileReference; lastKnownFileType = sourcecode.swift; path = AccountView.swift; sourceTree = "<group>"; };
		3103D0EF2C161A7100E74E07 /* OrderView.swift */ = {isa = PBXFileReference; lastKnownFileType = sourcecode.swift; path = OrderView.swift; sourceTree = "<group>"; };
		3103D0F12C161E7F00E74E07 /* Appetizer.swift */ = {isa = PBXFileReference; lastKnownFileType = sourcecode.swift; path = Appetizer.swift; sourceTree = "<group>"; };
		3103D0F32C16251300E74E07 /* AppetizerListCell.swift */ = {isa = PBXFileReference; lastKnownFileType = sourcecode.swift; path = AppetizerListCell.swift; sourceTree = "<group>"; };
		3103D0F52C16368500E74E07 /* NetworkManager.swift */ = {isa = PBXFileReference; lastKnownFileType = sourcecode.swift; path = NetworkManager.swift; sourceTree = "<group>"; };
		3103D0F72C1637A600E74E07 /* APError.swift */ = {isa = PBXFileReference; lastKnownFileType = sourcecode.swift; path = APError.swift; sourceTree = "<group>"; };
		3103D0F92C163F4C00E74E07 /* AppetizerListViewModel.swift */ = {isa = PBXFileReference; lastKnownFileType = sourcecode.swift; path = AppetizerListViewModel.swift; sourceTree = "<group>"; };
		3103D0FB2C1640ED00E74E07 /* Alert.swift */ = {isa = PBXFileReference; lastKnownFileType = sourcecode.swift; path = Alert.swift; sourceTree = "<group>"; };
		3103D0FD2C16456A00E74E07 /* LoadingView.swift */ = {isa = PBXFileReference; lastKnownFileType = sourcecode.swift; path = LoadingView.swift; sourceTree = "<group>"; };
		3103D0FF2C16468100E74E07 /* Color+Ext.swift */ = {isa = PBXFileReference; lastKnownFileType = sourcecode.swift; path = "Color+Ext.swift"; sourceTree = "<group>"; };
		31FD58692C177573000FEADE /* RemoteImage.swift */ = {isa = PBXFileReference; lastKnownFileType = sourcecode.swift; path = RemoteImage.swift; sourceTree = "<group>"; };
		31FD58792C178607000FEADE /* AppetizerDetailView.swift */ = {isa = PBXFileReference; lastKnownFileType = sourcecode.swift; path = AppetizerDetailView.swift; sourceTree = "<group>"; };
		31FD587C2C178E3D000FEADE /* APButton.swift */ = {isa = PBXFileReference; lastKnownFileType = sourcecode.swift; path = APButton.swift; sourceTree = "<group>"; };
		31FD587E2C178EF2000FEADE /* XDismissButton.swift */ = {isa = PBXFileReference; lastKnownFileType = sourcecode.swift; path = XDismissButton.swift; sourceTree = "<group>"; };
		31FD58802C1837F5000FEADE /* AccountViewModel.swift */ = {isa = PBXFileReference; lastKnownFileType = sourcecode.swift; path = AccountViewModel.swift; sourceTree = "<group>"; };
		31FD58822C183956000FEADE /* String+Ext.swift */ = {isa = PBXFileReference; lastKnownFileType = sourcecode.swift; path = "String+Ext.swift"; sourceTree = "<group>"; };
/* End PBXFileReference section */

/* Begin PBXFrameworksBuildPhase section */
		3103D0D72C1619AD00E74E07 /* Frameworks */ = {
			isa = PBXFrameworksBuildPhase;
			buildActionMask = 2147483647;
			files = (
			);
			runOnlyForDeploymentPostprocessing = 0;
		};
/* End PBXFrameworksBuildPhase section */

/* Begin PBXGroup section */
		3103D0D12C1619AD00E74E07 = {
			isa = PBXGroup;
			children = (
				3103D0DC2C1619AD00E74E07 /* Appetizers */,
				3103D0DB2C1619AD00E74E07 /* Products */,
			);
			sourceTree = "<group>";
		};
		3103D0DB2C1619AD00E74E07 /* Products */ = {
			isa = PBXGroup;
			children = (
				3103D0DA2C1619AD00E74E07 /* Appetizers.app */,
			);
			name = Products;
			sourceTree = "<group>";
		};
		3103D0DC2C1619AD00E74E07 /* Appetizers */ = {
			isa = PBXGroup;
			children = (
				31FD58752C177A9E000FEADE /* Views */,
				31FD58742C177A6A000FEADE /* Model */,
				31FD58702C1779E7000FEADE /* Utilities */,
				31FD586B2C17797B000FEADE /* Screens */,
				3103D0DD2C1619AD00E74E07 /* AppetizersApp.swift */,
				3103D0E12C1619AE00E74E07 /* Assets.xcassets */,
				3103D0E32C1619AE00E74E07 /* Preview Content */,
			);
			path = Appetizers;
			sourceTree = "<group>";
		};
		3103D0E32C1619AE00E74E07 /* Preview Content */ = {
			isa = PBXGroup;
			children = (
				3103D0E42C1619AE00E74E07 /* Preview Assets.xcassets */,
			);
			path = "Preview Content";
			sourceTree = "<group>";
		};
		31FD586B2C17797B000FEADE /* Screens */ = {
			isa = PBXGroup;
			children = (
				3103D0DF2C1619AD00E74E07 /* AppetizerTabView.swift */,
				31FD586C2C177985000FEADE /* AppetizerListView */,
				31FD586F2C1779A9000FEADE /* AccountView */,
				31FD586E2C1779A1000FEADE /* OrderView */,
			);
			path = Screens;
			sourceTree = "<group>";
		};
		31FD586C2C177985000FEADE /* AppetizerListView */ = {
			isa = PBXGroup;
			children = (
				3103D0F92C163F4C00E74E07 /* AppetizerListViewModel.swift */,
				3103D0EB2C161A4F00E74E07 /* AppetizerListView.swift */,
				31FD58792C178607000FEADE /* AppetizerDetailView.swift */,
			);
			path = AppetizerListView;
			sourceTree = "<group>";
		};
		31FD586E2C1779A1000FEADE /* OrderView */ = {
			isa = PBXGroup;
			children = (
				3103D0EF2C161A7100E74E07 /* OrderView.swift */,
			);
			path = OrderView;
			sourceTree = "<group>";
		};
		31FD586F2C1779A9000FEADE /* AccountView */ = {
			isa = PBXGroup;
			children = (
				3103D0ED2C161A5E00E74E07 /* AccountView.swift */,
				31FD58802C1837F5000FEADE /* AccountViewModel.swift */,
			);
			path = AccountView;
			sourceTree = "<group>";
		};
		31FD58702C1779E7000FEADE /* Utilities */ = {
			isa = PBXGroup;
			children = (
				31FD58732C177A3E000FEADE /* Alerts */,
				31FD58722C177A02000FEADE /* Extensions */,
				31FD58712C1779F2000FEADE /* Managers */,
			);
			path = Utilities;
			sourceTree = "<group>";
		};
		31FD58712C1779F2000FEADE /* Managers */ = {
			isa = PBXGroup;
			children = (
				3103D0F52C16368500E74E07 /* NetworkManager.swift */,
			);
			path = Managers;
			sourceTree = "<group>";
		};
		31FD58722C177A02000FEADE /* Extensions */ = {
			isa = PBXGroup;
			children = (
				3103D0FF2C16468100E74E07 /* Color+Ext.swift */,
				31FD58822C183956000FEADE /* String+Ext.swift */,
			);
			path = Extensions;
			sourceTree = "<group>";
		};
		31FD58732C177A3E000FEADE /* Alerts */ = {
			isa = PBXGroup;
			children = (
				3103D0F72C1637A600E74E07 /* APError.swift */,
				3103D0FB2C1640ED00E74E07 /* Alert.swift */,
			);
			path = Alerts;
			sourceTree = "<group>";
		};
		31FD58742C177A6A000FEADE /* Model */ = {
			isa = PBXGroup;
			children = (
				3103D0F12C161E7F00E74E07 /* Appetizer.swift */,
			);
			path = Model;
			sourceTree = "<group>";
		};
		31FD58752C177A9E000FEADE /* Views */ = {
			isa = PBXGroup;
			children = (
				31FD587B2C178E17000FEADE /* APButton */,
				31FD58782C177AC0000FEADE /* Cells */,
				31FD58772C177AB5000FEADE /* Image */,
				31FD58762C177AA4000FEADE /* UIKit components */,
			);
			path = Views;
			sourceTree = "<group>";
		};
		31FD58762C177AA4000FEADE /* UIKit components */ = {
			isa = PBXGroup;
			children = (
				3103D0FD2C16456A00E74E07 /* LoadingView.swift */,
			);
			path = "UIKit components";
			sourceTree = "<group>";
		};
		31FD58772C177AB5000FEADE /* Image */ = {
			isa = PBXGroup;
			children = (
				31FD58692C177573000FEADE /* RemoteImage.swift */,
			);
			path = Image;
			sourceTree = "<group>";
		};
		31FD58782C177AC0000FEADE /* Cells */ = {
			isa = PBXGroup;
			children = (
				3103D0F32C16251300E74E07 /* AppetizerListCell.swift */,
			);
			path = Cells;
			sourceTree = "<group>";
		};
		31FD587B2C178E17000FEADE /* APButton */ = {
			isa = PBXGroup;
			children = (
				31FD587C2C178E3D000FEADE /* APButton.swift */,
				31FD587E2C178EF2000FEADE /* XDismissButton.swift */,
			);
			path = APButton;
			sourceTree = "<group>";
		};
/* End PBXGroup section */

/* Begin PBXNativeTarget section */
		3103D0D92C1619AD00E74E07 /* Appetizers */ = {
			isa = PBXNativeTarget;
			buildConfigurationList = 3103D0E82C1619AE00E74E07 /* Build configuration list for PBXNativeTarget "Appetizers" */;
			buildPhases = (
				3103D0D62C1619AD00E74E07 /* Sources */,
				3103D0D72C1619AD00E74E07 /* Frameworks */,
				3103D0D82C1619AD00E74E07 /* Resources */,
			);
			buildRules = (
			);
			dependencies = (
			);
			name = Appetizers;
			productName = Appetizers;
			productReference = 3103D0DA2C1619AD00E74E07 /* Appetizers.app */;
			productType = "com.apple.product-type.application";
		};
/* End PBXNativeTarget section */

/* Begin PBXProject section */
		3103D0D22C1619AD00E74E07 /* Project object */ = {
			isa = PBXProject;
			attributes = {
				BuildIndependentTargetsInParallel = 1;
				LastSwiftUpdateCheck = 1540;
				LastUpgradeCheck = 1540;
				TargetAttributes = {
					3103D0D92C1619AD00E74E07 = {
						CreatedOnToolsVersion = 15.4;
					};
				};
			};
			buildConfigurationList = 3103D0D52C1619AD00E74E07 /* Build configuration list for PBXProject "Appetizers" */;
			compatibilityVersion = "Xcode 14.0";
			developmentRegion = en;
			hasScannedForEncodings = 0;
			knownRegions = (
				en,
				Base,
			);
			mainGroup = 3103D0D12C1619AD00E74E07;
			productRefGroup = 3103D0DB2C1619AD00E74E07 /* Products */;
			projectDirPath = "";
			projectRoot = "";
			targets = (
				3103D0D92C1619AD00E74E07 /* Appetizers */,
			);
		};
/* End PBXProject section */

/* Begin PBXResourcesBuildPhase section */
		3103D0D82C1619AD00E74E07 /* Resources */ = {
			isa = PBXResourcesBuildPhase;
			buildActionMask = 2147483647;
			files = (
				3103D0E52C1619AE00E74E07 /* Preview Assets.xcassets in Resources */,
				3103D0E22C1619AE00E74E07 /* Assets.xcassets in Resources */,
			);
			runOnlyForDeploymentPostprocessing = 0;
		};
/* End PBXResourcesBuildPhase section */

/* Begin PBXSourcesBuildPhase section */
		3103D0D62C1619AD00E74E07 /* Sources */ = {
			isa = PBXSourcesBuildPhase;
			buildActionMask = 2147483647;
			files = (
				3103D0F22C161E7F00E74E07 /* Appetizer.swift in Sources */,
				3103D0F82C1637A600E74E07 /* APError.swift in Sources */,
				31FD587F2C178EF2000FEADE /* XDismissButton.swift in Sources */,
				3103D0F42C16251300E74E07 /* AppetizerListCell.swift in Sources */,
				31FD58812C1837F5000FEADE /* AccountViewModel.swift in Sources */,
				3103D0FA2C163F4C00E74E07 /* AppetizerListViewModel.swift in Sources */,
				3103D1002C16468100E74E07 /* Color+Ext.swift in Sources */,
				3103D0EE2C161A5E00E74E07 /* AccountView.swift in Sources */,
				31FD587D2C178E3D000FEADE /* APButton.swift in Sources */,
				3103D0FE2C16456A00E74E07 /* LoadingView.swift in Sources */,
				3103D0E02C1619AD00E74E07 /* AppetizerTabView.swift in Sources */,
				3103D0F62C16368500E74E07 /* NetworkManager.swift in Sources */,
				31FD586A2C177573000FEADE /* RemoteImage.swift in Sources */,
				31FD58832C183956000FEADE /* String+Ext.swift in Sources */,
				31FD587A2C178607000FEADE /* AppetizerDetailView.swift in Sources */,
				3103D0DE2C1619AD00E74E07 /* AppetizersApp.swift in Sources */,
				3103D0FC2C1640ED00E74E07 /* Alert.swift in Sources */,
				3103D0EC2C161A4F00E74E07 /* AppetizerListView.swift in Sources */,
				3103D0F02C161A7100E74E07 /* OrderView.swift in Sources */,
			);
			runOnlyForDeploymentPostprocessing = 0;
		};
/* End PBXSourcesBuildPhase section */

/* Begin XCBuildConfiguration section */
		3103D0E62C1619AE00E74E07 /* Debug */ = {
			isa = XCBuildConfiguration;
			buildSettings = {
				ALWAYS_SEARCH_USER_PATHS = NO;
				ASSETCATALOG_COMPILER_GENERATE_SWIFT_ASSET_SYMBOL_EXTENSIONS = YES;
				CLANG_ANALYZER_NONNULL = YES;
				CLANG_ANALYZER_NUMBER_OBJECT_CONVERSION = YES_AGGRESSIVE;
				CLANG_CXX_LANGUAGE_STANDARD = "gnu++20";
				CLANG_ENABLE_MODULES = YES;
				CLANG_ENABLE_OBJC_ARC = YES;
				CLANG_ENABLE_OBJC_WEAK = YES;
				CLANG_WARN_BLOCK_CAPTURE_AUTORELEASING = YES;
				CLANG_WARN_BOOL_CONVERSION = YES;
				CLANG_WARN_COMMA = YES;
				CLANG_WARN_CONSTANT_CONVERSION = YES;
				CLANG_WARN_DEPRECATED_OBJC_IMPLEMENTATIONS = YES;
				CLANG_WARN_DIRECT_OBJC_ISA_USAGE = YES_ERROR;
				CLANG_WARN_DOCUMENTATION_COMMENTS = YES;
				CLANG_WARN_EMPTY_BODY = YES;
				CLANG_WARN_ENUM_CONVERSION = YES;
				CLANG_WARN_INFINITE_RECURSION = YES;
				CLANG_WARN_INT_CONVERSION = YES;
				CLANG_WARN_NON_LITERAL_NULL_CONVERSION = YES;
				CLANG_WARN_OBJC_IMPLICIT_RETAIN_SELF = YES;
				CLANG_WARN_OBJC_LITERAL_CONVERSION = YES;
				CLANG_WARN_OBJC_ROOT_CLASS = YES_ERROR;
				CLANG_WARN_QUOTED_INCLUDE_IN_FRAMEWORK_HEADER = YES;
				CLANG_WARN_RANGE_LOOP_ANALYSIS = YES;
				CLANG_WARN_STRICT_PROTOTYPES = YES;
				CLANG_WARN_SUSPICIOUS_MOVE = YES;
				CLANG_WARN_UNGUARDED_AVAILABILITY = YES_AGGRESSIVE;
				CLANG_WARN_UNREACHABLE_CODE = YES;
				CLANG_WARN__DUPLICATE_METHOD_MATCH = YES;
				COPY_PHASE_STRIP = NO;
				DEBUG_INFORMATION_FORMAT = dwarf;
				ENABLE_STRICT_OBJC_MSGSEND = YES;
				ENABLE_TESTABILITY = YES;
				ENABLE_USER_SCRIPT_SANDBOXING = YES;
				GCC_C_LANGUAGE_STANDARD = gnu17;
				GCC_DYNAMIC_NO_PIC = NO;
				GCC_NO_COMMON_BLOCKS = YES;
				GCC_OPTIMIZATION_LEVEL = 0;
				GCC_PREPROCESSOR_DEFINITIONS = (
					"DEBUG=1",
					"$(inherited)",
				);
				GCC_WARN_64_TO_32_BIT_CONVERSION = YES;
				GCC_WARN_ABOUT_RETURN_TYPE = YES_ERROR;
				GCC_WARN_UNDECLARED_SELECTOR = YES;
				GCC_WARN_UNINITIALIZED_AUTOS = YES_AGGRESSIVE;
				GCC_WARN_UNUSED_FUNCTION = YES;
				GCC_WARN_UNUSED_VARIABLE = YES;
				IPHONEOS_DEPLOYMENT_TARGET = 17.5;
				LOCALIZATION_PREFERS_STRING_CATALOGS = YES;
				MTL_ENABLE_DEBUG_INFO = INCLUDE_SOURCE;
				MTL_FAST_MATH = YES;
				ONLY_ACTIVE_ARCH = YES;
				SDKROOT = iphoneos;
				SWIFT_ACTIVE_COMPILATION_CONDITIONS = "DEBUG $(inherited)";
				SWIFT_OPTIMIZATION_LEVEL = "-Onone";
			};
			name = Debug;
		};
		3103D0E72C1619AE00E74E07 /* Release */ = {
			isa = XCBuildConfiguration;
			buildSettings = {
				ALWAYS_SEARCH_USER_PATHS = NO;
				ASSETCATALOG_COMPILER_GENERATE_SWIFT_ASSET_SYMBOL_EXTENSIONS = YES;
				CLANG_ANALYZER_NONNULL = YES;
				CLANG_ANALYZER_NUMBER_OBJECT_CONVERSION = YES_AGGRESSIVE;
				CLANG_CXX_LANGUAGE_STANDARD = "gnu++20";
				CLANG_ENABLE_MODULES = YES;
				CLANG_ENABLE_OBJC_ARC = YES;
				CLANG_ENABLE_OBJC_WEAK = YES;
				CLANG_WARN_BLOCK_CAPTURE_AUTORELEASING = YES;
				CLANG_WARN_BOOL_CONVERSION = YES;
				CLANG_WARN_COMMA = YES;
				CLANG_WARN_CONSTANT_CONVERSION = YES;
				CLANG_WARN_DEPRECATED_OBJC_IMPLEMENTATIONS = YES;
				CLANG_WARN_DIRECT_OBJC_ISA_USAGE = YES_ERROR;
				CLANG_WARN_DOCUMENTATION_COMMENTS = YES;
				CLANG_WARN_EMPTY_BODY = YES;
				CLANG_WARN_ENUM_CONVERSION = YES;
				CLANG_WARN_INFINITE_RECURSION = YES;
				CLANG_WARN_INT_CONVERSION = YES;
				CLANG_WARN_NON_LITERAL_NULL_CONVERSION = YES;
				CLANG_WARN_OBJC_IMPLICIT_RETAIN_SELF = YES;
				CLANG_WARN_OBJC_LITERAL_CONVERSION = YES;
				CLANG_WARN_OBJC_ROOT_CLASS = YES_ERROR;
				CLANG_WARN_QUOTED_INCLUDE_IN_FRAMEWORK_HEADER = YES;
				CLANG_WARN_RANGE_LOOP_ANALYSIS = YES;
				CLANG_WARN_STRICT_PROTOTYPES = YES;
				CLANG_WARN_SUSPICIOUS_MOVE = YES;
				CLANG_WARN_UNGUARDED_AVAILABILITY = YES_AGGRESSIVE;
				CLANG_WARN_UNREACHABLE_CODE = YES;
				CLANG_WARN__DUPLICATE_METHOD_MATCH = YES;
				COPY_PHASE_STRIP = NO;
				DEBUG_INFORMATION_FORMAT = "dwarf-with-dsym";
				ENABLE_NS_ASSERTIONS = NO;
				ENABLE_STRICT_OBJC_MSGSEND = YES;
				ENABLE_USER_SCRIPT_SANDBOXING = YES;
				GCC_C_LANGUAGE_STANDARD = gnu17;
				GCC_NO_COMMON_BLOCKS = YES;
				GCC_WARN_64_TO_32_BIT_CONVERSION = YES;
				GCC_WARN_ABOUT_RETURN_TYPE = YES_ERROR;
				GCC_WARN_UNDECLARED_SELECTOR = YES;
				GCC_WARN_UNINITIALIZED_AUTOS = YES_AGGRESSIVE;
				GCC_WARN_UNUSED_FUNCTION = YES;
				GCC_WARN_UNUSED_VARIABLE = YES;
				IPHONEOS_DEPLOYMENT_TARGET = 17.5;
				LOCALIZATION_PREFERS_STRING_CATALOGS = YES;
				MTL_ENABLE_DEBUG_INFO = NO;
				MTL_FAST_MATH = YES;
				SDKROOT = iphoneos;
				SWIFT_COMPILATION_MODE = wholemodule;
				VALIDATE_PRODUCT = YES;
			};
			name = Release;
		};
		3103D0E92C1619AE00E74E07 /* Debug */ = {
			isa = XCBuildConfiguration;
			buildSettings = {
				ASSETCATALOG_COMPILER_APPICON_NAME = AppIcon;
				ASSETCATALOG_COMPILER_GLOBAL_ACCENT_COLOR_NAME = AccentColor;
				CODE_SIGN_STYLE = Automatic;
				CURRENT_PROJECT_VERSION = 1;
				DEVELOPMENT_ASSET_PATHS = "\"Appetizers/Preview Content\"";
				DEVELOPMENT_TEAM = W6FUWFHBPW;
				ENABLE_PREVIEWS = YES;
				GENERATE_INFOPLIST_FILE = YES;
				INFOPLIST_KEY_UIApplicationSceneManifest_Generation = YES;
				INFOPLIST_KEY_UIApplicationSupportsIndirectInputEvents = YES;
				INFOPLIST_KEY_UILaunchScreen_Generation = YES;
				INFOPLIST_KEY_UISupportedInterfaceOrientations_iPad = "UIInterfaceOrientationPortrait UIInterfaceOrientationPortraitUpsideDown UIInterfaceOrientationLandscapeLeft UIInterfaceOrientationLandscapeRight";
				INFOPLIST_KEY_UISupportedInterfaceOrientations_iPhone = "UIInterfaceOrientationPortrait UIInterfaceOrientationLandscapeLeft UIInterfaceOrientationLandscapeRight";
				LD_RUNPATH_SEARCH_PATHS = (
					"$(inherited)",
					"@executable_path/Frameworks",
				);
				MARKETING_VERSION = 1.0;
				PRODUCT_BUNDLE_IDENTIFIER = no.Appetizers;
				PRODUCT_NAME = "$(TARGET_NAME)";
				SWIFT_EMIT_LOC_STRINGS = YES;
				SWIFT_VERSION = 5.0;
				TARGETED_DEVICE_FAMILY = "1,2";
			};
			name = Debug;
		};
		3103D0EA2C1619AE00E74E07 /* Release */ = {
			isa = XCBuildConfiguration;
			buildSettings = {
				ASSETCATALOG_COMPILER_APPICON_NAME = AppIcon;
				ASSETCATALOG_COMPILER_GLOBAL_ACCENT_COLOR_NAME = AccentColor;
				CODE_SIGN_STYLE = Automatic;
				CURRENT_PROJECT_VERSION = 1;
				DEVELOPMENT_ASSET_PATHS = "\"Appetizers/Preview Content\"";
				DEVELOPMENT_TEAM = W6FUWFHBPW;
				ENABLE_PREVIEWS = YES;
				GENERATE_INFOPLIST_FILE = YES;
				INFOPLIST_KEY_UIApplicationSceneManifest_Generation = YES;
				INFOPLIST_KEY_UIApplicationSupportsIndirectInputEvents = YES;
				INFOPLIST_KEY_UILaunchScreen_Generation = YES;
				INFOPLIST_KEY_UISupportedInterfaceOrientations_iPad = "UIInterfaceOrientationPortrait UIInterfaceOrientationPortraitUpsideDown UIInterfaceOrientationLandscapeLeft UIInterfaceOrientationLandscapeRight";
				INFOPLIST_KEY_UISupportedInterfaceOrientations_iPhone = "UIInterfaceOrientationPortrait UIInterfaceOrientationLandscapeLeft UIInterfaceOrientationLandscapeRight";
				LD_RUNPATH_SEARCH_PATHS = (
					"$(inherited)",
					"@executable_path/Frameworks",
				);
				MARKETING_VERSION = 1.0;
				PRODUCT_BUNDLE_IDENTIFIER = no.Appetizers;
				PRODUCT_NAME = "$(TARGET_NAME)";
				SWIFT_EMIT_LOC_STRINGS = YES;
				SWIFT_VERSION = 5.0;
				TARGETED_DEVICE_FAMILY = "1,2";
			};
			name = Release;
		};
/* End XCBuildConfiguration section */

/* Begin XCConfigurationList section */
		3103D0D52C1619AD00E74E07 /* Build configuration list for PBXProject "Appetizers" */ = {
			isa = XCConfigurationList;
			buildConfigurations = (
				3103D0E62C1619AE00E74E07 /* Debug */,
				3103D0E72C1619AE00E74E07 /* Release */,
			);
			defaultConfigurationIsVisible = 0;
			defaultConfigurationName = Release;
		};
		3103D0E82C1619AE00E74E07 /* Build configuration list for PBXNativeTarget "Appetizers" */ = {
			isa = XCConfigurationList;
			buildConfigurations = (
				3103D0E92C1619AE00E74E07 /* Debug */,
				3103D0EA2C1619AE00E74E07 /* Release */,
			);
			defaultConfigurationIsVisible = 0;
			defaultConfigurationName = Release;
		};
/* End XCConfigurationList section */
	};
	rootObject = 3103D0D22C1619AD00E74E07 /* Project object */;
}
